// !$*UTF8*$!
{
	archiveVersion = 1;
	classes = {
	};
	objectVersion = 77;
	objects = {

/* Begin PBXContainerItemProxy section */
		5431B76D2CEB5B62008EC377 /* PBXContainerItemProxy */ = {
			isa = PBXContainerItemProxy;
			containerPortal = 5431B74B2CEB5B60008EC377 /* Project object */;
			proxyType = 1;
			remoteGlobalIDString = 5431B7522CEB5B60008EC377;
			remoteInfo = todotest;
		};
		5431B7772CEB5B62008EC377 /* PBXContainerItemProxy */ = {
			isa = PBXContainerItemProxy;
			containerPortal = 5431B74B2CEB5B60008EC377 /* Project object */;
			proxyType = 1;
			remoteGlobalIDString = 5431B7522CEB5B60008EC377;
			remoteInfo = todotest;
		};
/* End PBXContainerItemProxy section */

/* Begin PBXFileReference section */
		5431B7532CEB5B60008EC377 /* todotest.app */ = {isa = PBXFileReference; explicitFileType = wrapper.application; includeInIndex = 0; path = todotest.app; sourceTree = BUILT_PRODUCTS_DIR; };
		5431B76C2CEB5B62008EC377 /* todotestTests.xctest */ = {isa = PBXFileReference; explicitFileType = wrapper.cfbundle; includeInIndex = 0; path = todotestTests.xctest; sourceTree = BUILT_PRODUCTS_DIR; };
		5431B7762CEB5B62008EC377 /* todotestUITests.xctest */ = {isa = PBXFileReference; explicitFileType = wrapper.cfbundle; includeInIndex = 0; path = todotestUITests.xctest; sourceTree = BUILT_PRODUCTS_DIR; };
/* End PBXFileReference section */

/* Begin PBXFileSystemSynchronizedBuildFileExceptionSet section */
		5431B77E2CEB5B62008EC377 /* Exceptions for "todotest" folder in "todotest" target */ = {
			isa = PBXFileSystemSynchronizedBuildFileExceptionSet;
			membershipExceptions = (
				Info.plist,
			);
			target = 5431B7522CEB5B60008EC377 /* todotest */;
		};
/* End PBXFileSystemSynchronizedBuildFileExceptionSet section */

/* Begin PBXFileSystemSynchronizedRootGroup section */
		5431B7552CEB5B60008EC377 /* todotest */ = {
			isa = PBXFileSystemSynchronizedRootGroup;
			exceptions = (
				5431B77E2CEB5B62008EC377 /* Exceptions for "todotest" folder in "todotest" target */,
			);
			path = todotest;
			sourceTree = "<group>";
		};
		5431B76F2CEB5B62008EC377 /* todotestTests */ = {
			isa = PBXFileSystemSynchronizedRootGroup;
			path = todotestTests;
			sourceTree = "<group>";
		};
		5431B7792CEB5B62008EC377 /* todotestUITests */ = {
			isa = PBXFileSystemSynchronizedRootGroup;
			path = todotestUITests;
			sourceTree = "<group>";
		};
/* End PBXFileSystemSynchronizedRootGroup section */

/* Begin PBXFrameworksBuildPhase section */
		5431B7502CEB5B60008EC377 /* Frameworks */ = {
			isa = PBXFrameworksBuildPhase;
			buildActionMask = 2147483647;
			files = (
			);
			runOnlyForDeploymentPostprocessing = 0;
		};
		5431B7692CEB5B62008EC377 /* Frameworks */ = {
			isa = PBXFrameworksBuildPhase;
			buildActionMask = 2147483647;
			files = (
			);
			runOnlyForDeploymentPostprocessing = 0;
		};
		5431B7732CEB5B62008EC377 /* Frameworks */ = {
			isa = PBXFrameworksBuildPhase;
			buildActionMask = 2147483647;
			files = (
			);
			runOnlyForDeploymentPostprocessing = 0;
		};
/* End PBXFrameworksBuildPhase section */

/* Begin PBXGroup section */
		5431B74A2CEB5B60008EC377 = {
			isa = PBXGroup;
			children = (
				5431B7552CEB5B60008EC377 /* todotest */,
				5431B76F2CEB5B62008EC377 /* todotestTests */,
				5431B7792CEB5B62008EC377 /* todotestUITests */,
				5431B7542CEB5B60008EC377 /* Products */,
			);
			sourceTree = "<group>";
		};
		5431B7542CEB5B60008EC377 /* Products */ = {
			isa = PBXGroup;
			children = (
				5431B7532CEB5B60008EC377 /* todotest.app */,
				5431B76C2CEB5B62008EC377 /* todotestTests.xctest */,
				5431B7762CEB5B62008EC377 /* todotestUITests.xctest */,
			);
			name = Products;
			sourceTree = "<group>";
		};
/* End PBXGroup section */

/* Begin PBXNativeTarget section */
		5431B7522CEB5B60008EC377 /* todotest */ = {
			isa = PBXNativeTarget;
			buildConfigurationList = 5431B77F2CEB5B62008EC377 /* Build configuration list for PBXNativeTarget "todotest" */;
			buildPhases = (
				5431B74F2CEB5B60008EC377 /* Sources */,
				5431B7502CEB5B60008EC377 /* Frameworks */,
				5431B7512CEB5B60008EC377 /* Resources */,
			);
			buildRules = (
			);
			dependencies = (
			);
			fileSystemSynchronizedGroups = (
				5431B7552CEB5B60008EC377 /* todotest */,
			);
			name = todotest;
			packageProductDependencies = (
			);
			productName = todotest;
			productReference = 5431B7532CEB5B60008EC377 /* todotest.app */;
			productType = "com.apple.product-type.application";
		};
		5431B76B2CEB5B62008EC377 /* todotestTests */ = {
			isa = PBXNativeTarget;
			buildConfigurationList = 5431B7842CEB5B62008EC377 /* Build configuration list for PBXNativeTarget "todotestTests" */;
			buildPhases = (
				5431B7682CEB5B62008EC377 /* Sources */,
				5431B7692CEB5B62008EC377 /* Frameworks */,
				5431B76A2CEB5B62008EC377 /* Resources */,
			);
			buildRules = (
			);
			dependencies = (
				5431B76E2CEB5B62008EC377 /* PBXTargetDependency */,
			);
			fileSystemSynchronizedGroups = (
				5431B76F2CEB5B62008EC377 /* todotestTests */,
			);
			name = todotestTests;
			packageProductDependencies = (
			);
			productName = todotestTests;
			productReference = 5431B76C2CEB5B62008EC377 /* todotestTests.xctest */;
			productType = "com.apple.product-type.bundle.unit-test";
		};
		5431B7752CEB5B62008EC377 /* todotestUITests */ = {
			isa = PBXNativeTarget;
			buildConfigurationList = 5431B7872CEB5B62008EC377 /* Build configuration list for PBXNativeTarget "todotestUITests" */;
			buildPhases = (
				5431B7722CEB5B62008EC377 /* Sources */,
				5431B7732CEB5B62008EC377 /* Frameworks */,
				5431B7742CEB5B62008EC377 /* Resources */,
			);
			buildRules = (
			);
			dependencies = (
				5431B7782CEB5B62008EC377 /* PBXTargetDependency */,
			);
			fileSystemSynchronizedGroups = (
				5431B7792CEB5B62008EC377 /* todotestUITests */,
			);
			name = todotestUITests;
			packageProductDependencies = (
			);
			productName = todotestUITests;
			productReference = 5431B7762CEB5B62008EC377 /* todotestUITests.xctest */;
			productType = "com.apple.product-type.bundle.ui-testing";
		};
/* End PBXNativeTarget section */

/* Begin PBXProject section */
		5431B74B2CEB5B60008EC377 /* Project object */ = {
			isa = PBXProject;
			attributes = {
				BuildIndependentTargetsInParallel = 1;
				LastSwiftUpdateCheck = 1610;
				LastUpgradeCheck = 1610;
				TargetAttributes = {
					5431B7522CEB5B60008EC377 = {
						CreatedOnToolsVersion = 16.1;
					};
					5431B76B2CEB5B62008EC377 = {
						CreatedOnToolsVersion = 16.1;
						TestTargetID = 5431B7522CEB5B60008EC377;
					};
					5431B7752CEB5B62008EC377 = {
						CreatedOnToolsVersion = 16.1;
						TestTargetID = 5431B7522CEB5B60008EC377;
					};
				};
			};
			buildConfigurationList = 5431B74E2CEB5B60008EC377 /* Build configuration list for PBXProject "todotest" */;
			developmentRegion = en;
			hasScannedForEncodings = 0;
			knownRegions = (
				en,
				Base,
			);
			mainGroup = 5431B74A2CEB5B60008EC377;
			minimizedProjectReferenceProxies = 1;
			preferredProjectObjectVersion = 77;
			productRefGroup = 5431B7542CEB5B60008EC377 /* Products */;
			projectDirPath = "";
			projectRoot = "";
			targets = (
				5431B7522CEB5B60008EC377 /* todotest */,
				5431B76B2CEB5B62008EC377 /* todotestTests */,
				5431B7752CEB5B62008EC377 /* todotestUITests */,
			);
		};
/* End PBXProject section */

/* Begin PBXResourcesBuildPhase section */
		5431B7512CEB5B60008EC377 /* Resources */ = {
			isa = PBXResourcesBuildPhase;
			buildActionMask = 2147483647;
			files = (
			);
			runOnlyForDeploymentPostprocessing = 0;
		};
		5431B76A2CEB5B62008EC377 /* Resources */ = {
			isa = PBXResourcesBuildPhase;
			buildActionMask = 2147483647;
			files = (
			);
			runOnlyForDeploymentPostprocessing = 0;
		};
		5431B7742CEB5B62008EC377 /* Resources */ = {
			isa = PBXResourcesBuildPhase;
			buildActionMask = 2147483647;
			files = (
			);
			runOnlyForDeploymentPostprocessing = 0;
		};
/* End PBXResourcesBuildPhase section */

/* Begin PBXSourcesBuildPhase section */
		5431B74F2CEB5B60008EC377 /* Sources */ = {
			isa = PBXSourcesBuildPhase;
			buildActionMask = 2147483647;
			files = (
			);
			runOnlyForDeploymentPostprocessing = 0;
		};
		5431B7682CEB5B62008EC377 /* Sources */ = {
			isa = PBXSourcesBuildPhase;
			buildActionMask = 2147483647;
			files = (
			);
			runOnlyForDeploymentPostprocessing = 0;
		};
		5431B7722CEB5B62008EC377 /* Sources */ = {
			isa = PBXSourcesBuildPhase;
			buildActionMask = 2147483647;
			files = (
			);
			runOnlyForDeploymentPostprocessing = 0;
		};
/* End PBXSourcesBuildPhase section */

/* Begin PBXTargetDependency section */
		5431B76E2CEB5B62008EC377 /* PBXTargetDependency */ = {
			isa = PBXTargetDependency;
			target = 5431B7522CEB5B60008EC377 /* todotest */;
			targetProxy = 5431B76D2CEB5B62008EC377 /* PBXContainerItemProxy */;
		};
		5431B7782CEB5B62008EC377 /* PBXTargetDependency */ = {
			isa = PBXTargetDependency;
			target = 5431B7522CEB5B60008EC377 /* todotest */;
			targetProxy = 5431B7772CEB5B62008EC377 /* PBXContainerItemProxy */;
		};
/* End PBXTargetDependency section */

/* Begin XCBuildConfiguration section */
		5431B7802CEB5B62008EC377 /* Debug */ = {
			isa = XCBuildConfiguration;
			buildSettings = {
				ASSETCATALOG_COMPILER_APPICON_NAME = AppIcon;
				ASSETCATALOG_COMPILER_GLOBAL_ACCENT_COLOR_NAME = AccentColor;
				CODE_SIGN_STYLE = Automatic;
				CURRENT_PROJECT_VERSION = 1;
				DEVELOPMENT_TEAM = 9W625278YK;
				GENERATE_INFOPLIST_FILE = YES;
				INFOPLIST_FILE = todotest/Info.plist;
				INFOPLIST_KEY_UIApplicationSupportsIndirectInputEvents = YES;
				INFOPLIST_KEY_UILaunchStoryboardName = LaunchScreen;
				INFOPLIST_KEY_UISupportedInterfaceOrientations_iPad = "UIInterfaceOrientationPortrait UIInterfaceOrientationPortraitUpsideDown UIInterfaceOrientationLandscapeLeft UIInterfaceOrientationLandscapeRight";
				INFOPLIST_KEY_UISupportedInterfaceOrientations_iPhone = "UIInterfaceOrientationPortrait UIInterfaceOrientationLandscapeLeft UIInterfaceOrientationLandscapeRight";
				LD_RUNPATH_SEARCH_PATHS = (
					"$(inherited)",
					"@executable_path/Frameworks",
				);
				MARKETING_VERSION = 1.0;
				PRODUCT_BUNDLE_IDENTIFIER = com.todo.todotest;
				PRODUCT_NAME = "$(TARGET_NAME)";
				SWIFT_EMIT_LOC_STRINGS = YES;
				SWIFT_VERSION = 5.0;
				TARGETED_DEVICE_FAMILY = "1,2";
			};
			name = Debug;
		};
		5431B7812CEB5B62008EC377 /* Release */ = {
			isa = XCBuildConfiguration;
			buildSettings = {
				ASSETCATALOG_COMPILER_APPICON_NAME = AppIcon;
				ASSETCATALOG_COMPILER_GLOBAL_ACCENT_COLOR_NAME = AccentColor;
				CODE_SIGN_STYLE = Automatic;
				CURRENT_PROJECT_VERSION = 1;
				DEVELOPMENT_TEAM = 9W625278YK;
				GENERATE_INFOPLIST_FILE = YES;
				INFOPLIST_FILE = todotest/Info.plist;
				INFOPLIST_KEY_UIApplicationSupportsIndirectInputEvents = YES;
				INFOPLIST_KEY_UILaunchStoryboardName = LaunchScreen;
				INFOPLIST_KEY_UISupportedInterfaceOrientations_iPad = "UIInterfaceOrientationPortrait UIInterfaceOrientationPortraitUpsideDown UIInterfaceOrientationLandscapeLeft UIInterfaceOrientationLandscapeRight";
				INFOPLIST_KEY_UISupportedInterfaceOrientations_iPhone = "UIInterfaceOrientationPortrait UIInterfaceOrientationLandscapeLeft UIInterfaceOrientationLandscapeRight";
				LD_RUNPATH_SEARCH_PATHS = (
					"$(inherited)",
					"@executable_path/Frameworks",
				);
				MARKETING_VERSION = 1.0;
				PRODUCT_BUNDLE_IDENTIFIER = com.todo.todotest;
				PRODUCT_NAME = "$(TARGET_NAME)";
				SWIFT_EMIT_LOC_STRINGS = YES;
				SWIFT_VERSION = 5.0;
				TARGETED_DEVICE_FAMILY = "1,2";
			};
			name = Release;
		};
		5431B7822CEB5B62008EC377 /* Debug */ = {
			isa = XCBuildConfiguration;
			buildSettings = {
				ALWAYS_SEARCH_USER_PATHS = NO;
				ASSETCATALOG_COMPILER_GENERATE_SWIFT_ASSET_SYMBOL_EXTENSIONS = YES;
				CLANG_ANALYZER_NONNULL = YES;
				CLANG_ANALYZER_NUMBER_OBJECT_CONVERSION = YES_AGGRESSIVE;
				CLANG_CXX_LANGUAGE_STANDARD = "gnu++20";
				CLANG_ENABLE_MODULES = YES;
				CLANG_ENABLE_OBJC_ARC = YES;
				CLANG_ENABLE_OBJC_WEAK = YES;
				CLANG_WARN_BLOCK_CAPTURE_AUTORELEASING = YES;
				CLANG_WARN_BOOL_CONVERSION = YES;
				CLANG_WARN_COMMA = YES;
				CLANG_WARN_CONSTANT_CONVERSION = YES;
				CLANG_WARN_DEPRECATED_OBJC_IMPLEMENTATIONS = YES;
				CLANG_WARN_DIRECT_OBJC_ISA_USAGE = YES_ERROR;
				CLANG_WARN_DOCUMENTATION_COMMENTS = YES;
				CLANG_WARN_EMPTY_BODY = YES;
				CLANG_WARN_ENUM_CONVERSION = YES;
				CLANG_WARN_INFINITE_RECURSION = YES;
				CLANG_WARN_INT_CONVERSION = YES;
				CLANG_WARN_NON_LITERAL_NULL_CONVERSION = YES;
				CLANG_WARN_OBJC_IMPLICIT_RETAIN_SELF = YES;
				CLANG_WARN_OBJC_LITERAL_CONVERSION = YES;
				CLANG_WARN_OBJC_ROOT_CLASS = YES_ERROR;
				CLANG_WARN_QUOTED_INCLUDE_IN_FRAMEWORK_HEADER = YES;
				CLANG_WARN_RANGE_LOOP_ANALYSIS = YES;
				CLANG_WARN_STRICT_PROTOTYPES = YES;
				CLANG_WARN_SUSPICIOUS_MOVE = YES;
				CLANG_WARN_UNGUARDED_AVAILABILITY = YES_AGGRESSIVE;
				CLANG_WARN_UNREACHABLE_CODE = YES;
				CLANG_WARN__DUPLICATE_METHOD_MATCH = YES;
				COPY_PHASE_STRIP = NO;
				DEBUG_INFORMATION_FORMAT = dwarf;
				ENABLE_STRICT_OBJC_MSGSEND = YES;
				ENABLE_TESTABILITY = YES;
				ENABLE_USER_SCRIPT_SANDBOXING = YES;
				GCC_C_LANGUAGE_STANDARD = gnu17;
				GCC_DYNAMIC_NO_PIC = NO;
				GCC_NO_COMMON_BLOCKS = YES;
				GCC_OPTIMIZATION_LEVEL = 0;
				GCC_PREPROCESSOR_DEFINITIONS = (
					"DEBUG=1",
					"$(inherited)",
				);
				GCC_WARN_64_TO_32_BIT_CONVERSION = YES;
				GCC_WARN_ABOUT_RETURN_TYPE = YES_ERROR;
				GCC_WARN_UNDECLARED_SELECTOR = YES;
				GCC_WARN_UNINITIALIZED_AUTOS = YES_AGGRESSIVE;
				GCC_WARN_UNUSED_FUNCTION = YES;
				GCC_WARN_UNUSED_VARIABLE = YES;
				IPHONEOS_DEPLOYMENT_TARGET = 18.1;
				LOCALIZATION_PREFERS_STRING_CATALOGS = YES;
				MTL_ENABLE_DEBUG_INFO = INCLUDE_SOURCE;
				MTL_FAST_MATH = YES;
				ONLY_ACTIVE_ARCH = YES;
				SDKROOT = iphoneos;
				SWIFT_ACTIVE_COMPILATION_CONDITIONS = "DEBUG $(inherited)";
				SWIFT_OPTIMIZATION_LEVEL = "-Onone";
			};
			name = Debug;
		};
		5431B7832CEB5B62008EC377 /* Release */ = {
			isa = XCBuildConfiguration;
			buildSettings = {
				ALWAYS_SEARCH_USER_PATHS = NO;
				ASSETCATALOG_COMPILER_GENERATE_SWIFT_ASSET_SYMBOL_EXTENSIONS = YES;
				CLANG_ANALYZER_NONNULL = YES;
				CLANG_ANALYZER_NUMBER_OBJECT_CONVERSION = YES_AGGRESSIVE;
				CLANG_CXX_LANGUAGE_STANDARD = "gnu++20";
				CLANG_ENABLE_MODULES = YES;
				CLANG_ENABLE_OBJC_ARC = YES;
				CLANG_ENABLE_OBJC_WEAK = YES;
				CLANG_WARN_BLOCK_CAPTURE_AUTORELEASING = YES;
				CLANG_WARN_BOOL_CONVERSION = YES;
				CLANG_WARN_COMMA = YES;
				CLANG_WARN_CONSTANT_CONVERSION = YES;
				CLANG_WARN_DEPRECATED_OBJC_IMPLEMENTATIONS = YES;
				CLANG_WARN_DIRECT_OBJC_ISA_USAGE = YES_ERROR;
				CLANG_WARN_DOCUMENTATION_COMMENTS = YES;
				CLANG_WARN_EMPTY_BODY = YES;
				CLANG_WARN_ENUM_CONVERSION = YES;
				CLANG_WARN_INFINITE_RECURSION = YES;
				CLANG_WARN_INT_CONVERSION = YES;
				CLANG_WARN_NON_LITERAL_NULL_CONVERSION = YES;
				CLANG_WARN_OBJC_IMPLICIT_RETAIN_SELF = YES;
				CLANG_WARN_OBJC_LITERAL_CONVERSION = YES;
				CLANG_WARN_OBJC_ROOT_CLASS = YES_ERROR;
				CLANG_WARN_QUOTED_INCLUDE_IN_FRAMEWORK_HEADER = YES;
				CLANG_WARN_RANGE_LOOP_ANALYSIS = YES;
				CLANG_WARN_STRICT_PROTOTYPES = YES;
				CLANG_WARN_SUSPICIOUS_MOVE = YES;
				CLANG_WARN_UNGUARDED_AVAILABILITY = YES_AGGRESSIVE;
				CLANG_WARN_UNREACHABLE_CODE = YES;
				CLANG_WARN__DUPLICATE_METHOD_MATCH = YES;
				COPY_PHASE_STRIP = NO;
				DEBUG_INFORMATION_FORMAT = "dwarf-with-dsym";
				ENABLE_NS_ASSERTIONS = NO;
				ENABLE_STRICT_OBJC_MSGSEND = YES;
				ENABLE_USER_SCRIPT_SANDBOXING = YES;
				GCC_C_LANGUAGE_STANDARD = gnu17;
				GCC_NO_COMMON_BLOCKS = YES;
				GCC_WARN_64_TO_32_BIT_CONVERSION = YES;
				GCC_WARN_ABOUT_RETURN_TYPE = YES_ERROR;
				GCC_WARN_UNDECLARED_SELECTOR = YES;
				GCC_WARN_UNINITIALIZED_AUTOS = YES_AGGRESSIVE;
				GCC_WARN_UNUSED_FUNCTION = YES;
				GCC_WARN_UNUSED_VARIABLE = YES;
				IPHONEOS_DEPLOYMENT_TARGET = 18.1;
				LOCALIZATION_PREFERS_STRING_CATALOGS = YES;
				MTL_ENABLE_DEBUG_INFO = NO;
				MTL_FAST_MATH = YES;
				SDKROOT = iphoneos;
				SWIFT_COMPILATION_MODE = wholemodule;
				VALIDATE_PRODUCT = YES;
			};
			name = Release;
		};
		5431B7852CEB5B62008EC377 /* Debug */ = {
			isa = XCBuildConfiguration;
			buildSettings = {
				BUNDLE_LOADER = "$(TEST_HOST)";
				CODE_SIGN_STYLE = Automatic;
				CURRENT_PROJECT_VERSION = 1;
				DEFINES_MODULE = NO;
				DEVELOPMENT_TEAM = 9W625278YK;
				GENERATE_INFOPLIST_FILE = YES;
				IPHONEOS_DEPLOYMENT_TARGET = 18.1;
				MARKETING_VERSION = 1.0;
				PRODUCT_BUNDLE_IDENTIFIER = com.todo.todotestTests;
				PRODUCT_NAME = "$(TARGET_NAME)";
				SWIFT_EMIT_LOC_STRINGS = NO;
				SWIFT_VERSION = 5.0;
				TARGETED_DEVICE_FAMILY = "1,2";
				TEST_HOST = "$(BUILT_PRODUCTS_DIR)/todotest.app/$(BUNDLE_EXECUTABLE_FOLDER_PATH)/todotest";
			};
			name = Debug;
		};
		5431B7862CEB5B62008EC377 /* Release */ = {
			isa = XCBuildConfiguration;
			buildSettings = {
				BUNDLE_LOADER = "$(TEST_HOST)";
				CODE_SIGN_STYLE = Automatic;
				CURRENT_PROJECT_VERSION = 1;
				DEFINES_MODULE = NO;
				DEVELOPMENT_TEAM = 9W625278YK;
				GENERATE_INFOPLIST_FILE = YES;
				IPHONEOS_DEPLOYMENT_TARGET = 18.1;
				MARKETING_VERSION = 1.0;
				PRODUCT_BUNDLE_IDENTIFIER = com.todo.todotestTests;
				PRODUCT_NAME = "$(TARGET_NAME)";
				SWIFT_EMIT_LOC_STRINGS = NO;
				SWIFT_VERSION = 5.0;
				TARGETED_DEVICE_FAMILY = "1,2";
				TEST_HOST = "$(BUILT_PRODUCTS_DIR)/todotest.app/$(BUNDLE_EXECUTABLE_FOLDER_PATH)/todotest";
			};
			name = Release;
		};
		5431B7882CEB5B62008EC377 /* Debug */ = {
			isa = XCBuildConfiguration;
			buildSettings = {
				CODE_SIGN_STYLE = Automatic;
				CURRENT_PROJECT_VERSION = 1;
				DEVELOPMENT_TEAM = 9W625278YK;
				GENERATE_INFOPLIST_FILE = YES;
				MARKETING_VERSION = 1.0;
				PRODUCT_BUNDLE_IDENTIFIER = com.todo.todotestUITests;
				PRODUCT_NAME = "$(TARGET_NAME)";
				SWIFT_EMIT_LOC_STRINGS = NO;
				SWIFT_VERSION = 5.0;
				TARGETED_DEVICE_FAMILY = "1,2";
				TEST_TARGET_NAME = todotest;
			};
			name = Debug;
		};
		5431B7892CEB5B62008EC377 /* Release */ = {
			isa = XCBuildConfiguration;
			buildSettings = {
				CODE_SIGN_STYLE = Automatic;
				CURRENT_PROJECT_VERSION = 1;
				DEVELOPMENT_TEAM = 9W625278YK;
				GENERATE_INFOPLIST_FILE = YES;
				MARKETING_VERSION = 1.0;
				PRODUCT_BUNDLE_IDENTIFIER = com.todo.todotestUITests;
				PRODUCT_NAME = "$(TARGET_NAME)";
				SWIFT_EMIT_LOC_STRINGS = NO;
				SWIFT_VERSION = 5.0;
				TARGETED_DEVICE_FAMILY = "1,2";
				TEST_TARGET_NAME = todotest;
			};
			name = Release;
		};
/* End XCBuildConfiguration section */

/* Begin XCConfigurationList section */
		5431B74E2CEB5B60008EC377 /* Build configuration list for PBXProject "todotest" */ = {
			isa = XCConfigurationList;
			buildConfigurations = (
				5431B7822CEB5B62008EC377 /* Debug */,
				5431B7832CEB5B62008EC377 /* Release */,
			);
			defaultConfigurationIsVisible = 0;
			defaultConfigurationName = Release;
		};
		5431B77F2CEB5B62008EC377 /* Build configuration list for PBXNativeTarget "todotest" */ = {
			isa = XCConfigurationList;
			buildConfigurations = (
				5431B7802CEB5B62008EC377 /* Debug */,
				5431B7812CEB5B62008EC377 /* Release */,
			);
			defaultConfigurationIsVisible = 0;
			defaultConfigurationName = Release;
		};
		5431B7842CEB5B62008EC377 /* Build configuration list for PBXNativeTarget "todotestTests" */ = {
			isa = XCConfigurationList;
			buildConfigurations = (
				5431B7852CEB5B62008EC377 /* Debug */,
				5431B7862CEB5B62008EC377 /* Release */,
			);
			defaultConfigurationIsVisible = 0;
			defaultConfigurationName = Release;
		};
		5431B7872CEB5B62008EC377 /* Build configuration list for PBXNativeTarget "todotestUITests" */ = {
			isa = XCConfigurationList;
			buildConfigurations = (
				5431B7882CEB5B62008EC377 /* Debug */,
				5431B7892CEB5B62008EC377 /* Release */,
			);
			defaultConfigurationIsVisible = 0;
			defaultConfigurationName = Release;
		};
/* End XCConfigurationList section */
	};
	rootObject = 5431B74B2CEB5B60008EC377 /* Project object */;
}
